
Microsoft Visual Studio Solution File, Format Version 12.00
# Visual Studio Version 17
VisualStudioVersion = 17.1.32210.238
MinimumVisualStudioVersion = 10.0.40219.1
Project("{9A19103F-16F7-4668-BE54-9A1E7A4F7556}") = "PropertyGrid.WPF", "PropertyGrid.WPF\PropertyGrid.WPF.csproj", "{CD4DB2BD-272E-43F2-8ABA-D269082AF3A4}"
EndProject
Project("{9A19103F-16F7-4668-BE54-9A1E7A4F7556}") = "Infrastructure.WPF", "Infrastructure.WPF\Infrastructure.WPF.csproj", "{48282F61-A64B-4A08-805E-CEF17091C435}"
EndProject
Project("{9A19103F-16F7-4668-BE54-9A1E7A4F7556}") = "PropertyGrid.WPF.Demo", "PropertyGrid.WPF.Demo\PropertyGrid.WPF.Demo.csproj", "{27B2639A-ECB1-4364-8880-906BDFDA5DF0}"
EndProject
Project("{9A19103F-16F7-4668-BE54-9A1E7A4F7556}") = "PropertyGrid", "PropertyGrid\PropertyGrid.csproj", "{1A05786B-0A7E-48A6-B817-6ED721DBA1F4}"
EndProject
Project("{9A19103F-16F7-4668-BE54-9A1E7A4F7556}") = "Utilities", "Utilities\Utilities.csproj", "{A4450F54-4C8C-444D-A8E7-06278A5B0B9B}"
EndProject
Project("{9A19103F-16F7-4668-BE54-9A1E7A4F7556}") = "UniversalConverter", "UniversalConverter\UniversalConverter.csproj", "{BF237293-3814-4EBE-875D-83C4744EB66A}"
EndProject
Project("{2150E333-8FDC-42A3-9474-1A3956D46DE8}") = "_App", "_App", "{CA795782-60B4-4351-AFD4-6A93795002D9}"
EndProject
Project("{9A19103F-16F7-4668-BE54-9A1E7A4F7556}") = "PropertyGrid.Demo.Model", "PropertyGrid.Demo.Model\PropertyGrid.Demo.Model.csproj", "{BAC34E19-D859-4BA8-BEC3-DA170F8AAE17}"
EndProject
Project("{2150E333-8FDC-42A3-9474-1A3956D46DE8}") = "WPF", "WPF", "{299B3356-A14D-4F79-96D4-400DB0656D47}"
EndProject
Project("{2150E333-8FDC-42A3-9474-1A3956D46DE8}") = "Infrastructure", "Infrastructure", "{7267B3D9-EB3C-4DB6-902C-DCCE836042D6}"
EndProject
Project("{9A19103F-16F7-4668-BE54-9A1E7A4F7556}") = "PropertyGrid.WPF.Templates", "PropertyGrid.WPF.Templates\PropertyGrid.WPF.Templates.csproj", "{B653B9C2-75D3-4E02-B305-CE8E56D415C6}"
EndProject
Project("{2150E333-8FDC-42A3-9474-1A3956D46DE8}") = "UniversalConverter", "UniversalConverter", "{F7771778-3EAC-42CE-A18E-F03F3A33A89F}"
EndProject
Project("{2150E333-8FDC-42A3-9474-1A3956D46DE8}") = "Abstractions", "Abstractions", "{FB93E523-0535-43ED-89BD-196826025F72}"
EndProject
Project("{9A19103F-16F7-4668-BE54-9A1E7A4F7556}") = "PropertyGrid.Abstractions", "PropertyGrid.Abstractions\PropertyGrid.Abstractions.csproj", "{7347D94F-ED58-4D56-8A04-DEA12030B936}"
EndProject
Project("{9A19103F-16F7-4668-BE54-9A1E7A4F7556}") = "Utility.WPF.Packages", "..\..\Utility.WPF\Utility.WPF.Packages\Utility.WPF.Packages.csproj", "{88B053D6-AC11-4DB1-8817-16AEF16E56D7}"
EndProject
Project("{9A19103F-16F7-4668-BE54-9A1E7A4F7556}") = "Utility.WPF.Controls.Trees", "..\..\Utility.WPF\Utility.WPF.Controls.Trees\Utility.WPF.Controls.Trees.csproj", "{7235D105-9860-45BC-951C-B4BD3A0E3AD1}"
EndProject
Project("{9A19103F-16F7-4668-BE54-9A1E7A4F7556}") = "Utility.Commands", "..\..\Utility.WPF\Utility.Commands\Utility.Commands.csproj", "{820F2F46-E987-402F-8A60-2264BFA2E0D9}"
EndProject
Project("{9A19103F-16F7-4668-BE54-9A1E7A4F7556}") = "Utility.Enums", "..\..\Utility.Enums\Utility.Enums\Utility.Enums.csproj", "{562429FD-8E96-48AC-8598-0F6ACF623129}"
EndProject
Project("{9A19103F-16F7-4668-BE54-9A1E7A4F7556}") = "Utility.WPF.Attached", "..\..\Utility.WPF\Utility.WPF.Attached\Utility.WPF.Attached.csproj", "{80E0962D-1558-44CD-9B41-AFB00D6A0B8F}"
EndProject
Project("{9A19103F-16F7-4668-BE54-9A1E7A4F7556}") = "Utility.WPF.Converters", "..\..\Utility.WPF\Utility.WPF.Converters\Utility.WPF.Converters.csproj", "{7AF9327B-FADB-4495-BCDD-AE5AA8F896E1}"
EndProject
Project("{9A19103F-16F7-4668-BE54-9A1E7A4F7556}") = "Utility.WPF.Controls.Buttons", "..\..\Utility.WPF\Utility.WPF.Controls.Buttons\Utility.WPF.Controls.Buttons.csproj", "{FC61F168-377C-495F-A03A-0773B4068423}"
EndProject
Project("{9A19103F-16F7-4668-BE54-9A1E7A4F7556}") = "Utility.Models", "..\..\Utility.Model\Utility.Models\Utility.Models.csproj", "{FB1ED3B6-7EF0-4B31-BD51-A69173244711}"
EndProject
Project("{9A19103F-16F7-4668-BE54-9A1E7A4F7556}") = "Utility.Collections", "..\..\Utility.Collections\Utility.Collections\Utility.Collections.csproj", "{9B673C74-365C-479B-A631-881C39E4B1AF}"
EndProject
Project("{9A19103F-16F7-4668-BE54-9A1E7A4F7556}") = "Utility.Nodes.Abstractions", "..\..\Utility.Nodes\Utility.Nodes.Abstractions\Utility.Nodes.Abstractions.csproj", "{B0171249-2123-4483-B525-7781FB2E6388}"
EndProject
Project("{9A19103F-16F7-4668-BE54-9A1E7A4F7556}") = "Utility.Nodes", "..\..\Utility.Nodes\Utility.Nodes\Utility.Nodes.csproj", "{864AC136-12B9-46EA-94BD-CCB85F9D43BA}"
EndProject
Project("{9A19103F-16F7-4668-BE54-9A1E7A4F7556}") = "Utility.WPF.Panels.Helper", "..\..\Utility.WPF\Utility.WPF.Panels.Helper\Utility.WPF.Panels.Helper.csproj", "{12B58464-DCA7-46B2-A471-C138932109D8}"
EndProject
Project("{9A19103F-16F7-4668-BE54-9A1E7A4F7556}") = "Utility.Trees", "..\..\Utility.Trees\Utility.Trees\Utility.Trees.csproj", "{4D6719B5-2902-4C21-A5C4-11266A039738}"
EndProject
Project("{9A19103F-16F7-4668-BE54-9A1E7A4F7556}") = "Utility.Trees.Abstractions", "..\..\Utility.Trees\Utility.Trees.Abstractions\Utility.Trees.Abstractions.csproj", "{05B3A675-E080-4ED7-9913-787B00EF7EC9}"
EndProject
Project("{FAE04EC0-301F-11D3-BF4B-00C04F79EFBC}") = "PropertyTree.API", "Tree.API\PropertyTree.API.csproj", "{6AB6A98E-1297-42FB-ACC5-C0702EEAFAAD}"
EndProject
Global
	GlobalSection(SolutionConfigurationPlatforms) = preSolution
		Debug|Any CPU = Debug|Any CPU
		Release|Any CPU = Release|Any CPU
	EndGlobalSection
	GlobalSection(ProjectConfigurationPlatforms) = postSolution
		{CD4DB2BD-272E-43F2-8ABA-D269082AF3A4}.Debug|Any CPU.ActiveCfg = Debug|Any CPU
		{CD4DB2BD-272E-43F2-8ABA-D269082AF3A4}.Debug|Any CPU.Build.0 = Debug|Any CPU
		{CD4DB2BD-272E-43F2-8ABA-D269082AF3A4}.Release|Any CPU.ActiveCfg = Release|Any CPU
		{CD4DB2BD-272E-43F2-8ABA-D269082AF3A4}.Release|Any CPU.Build.0 = Release|Any CPU
		{48282F61-A64B-4A08-805E-CEF17091C435}.Debug|Any CPU.ActiveCfg = Debug|Any CPU
		{48282F61-A64B-4A08-805E-CEF17091C435}.Debug|Any CPU.Build.0 = Debug|Any CPU
		{48282F61-A64B-4A08-805E-CEF17091C435}.Release|Any CPU.ActiveCfg = Release|Any CPU
		{48282F61-A64B-4A08-805E-CEF17091C435}.Release|Any CPU.Build.0 = Release|Any CPU
		{27B2639A-ECB1-4364-8880-906BDFDA5DF0}.Debug|Any CPU.ActiveCfg = Debug|Any CPU
		{27B2639A-ECB1-4364-8880-906BDFDA5DF0}.Debug|Any CPU.Build.0 = Debug|Any CPU
		{27B2639A-ECB1-4364-8880-906BDFDA5DF0}.Release|Any CPU.ActiveCfg = Release|Any CPU
		{27B2639A-ECB1-4364-8880-906BDFDA5DF0}.Release|Any CPU.Build.0 = Release|Any CPU
		{1A05786B-0A7E-48A6-B817-6ED721DBA1F4}.Debug|Any CPU.ActiveCfg = Debug|Any CPU
		{1A05786B-0A7E-48A6-B817-6ED721DBA1F4}.Debug|Any CPU.Build.0 = Debug|Any CPU
		{1A05786B-0A7E-48A6-B817-6ED721DBA1F4}.Release|Any CPU.ActiveCfg = Release|Any CPU
		{1A05786B-0A7E-48A6-B817-6ED721DBA1F4}.Release|Any CPU.Build.0 = Release|Any CPU
		{A4450F54-4C8C-444D-A8E7-06278A5B0B9B}.Debug|Any CPU.ActiveCfg = Debug|Any CPU
		{A4450F54-4C8C-444D-A8E7-06278A5B0B9B}.Debug|Any CPU.Build.0 = Debug|Any CPU
		{A4450F54-4C8C-444D-A8E7-06278A5B0B9B}.Release|Any CPU.ActiveCfg = Release|Any CPU
		{A4450F54-4C8C-444D-A8E7-06278A5B0B9B}.Release|Any CPU.Build.0 = Release|Any CPU
		{BF237293-3814-4EBE-875D-83C4744EB66A}.Debug|Any CPU.ActiveCfg = Debug|Any CPU
		{BF237293-3814-4EBE-875D-83C4744EB66A}.Debug|Any CPU.Build.0 = Debug|Any CPU
		{BF237293-3814-4EBE-875D-83C4744EB66A}.Release|Any CPU.ActiveCfg = Release|Any CPU
		{BF237293-3814-4EBE-875D-83C4744EB66A}.Release|Any CPU.Build.0 = Release|Any CPU
		{BAC34E19-D859-4BA8-BEC3-DA170F8AAE17}.Debug|Any CPU.ActiveCfg = Debug|Any CPU
		{BAC34E19-D859-4BA8-BEC3-DA170F8AAE17}.Debug|Any CPU.Build.0 = Debug|Any CPU
		{BAC34E19-D859-4BA8-BEC3-DA170F8AAE17}.Release|Any CPU.ActiveCfg = Release|Any CPU
		{BAC34E19-D859-4BA8-BEC3-DA170F8AAE17}.Release|Any CPU.Build.0 = Release|Any CPU
		{B653B9C2-75D3-4E02-B305-CE8E56D415C6}.Debug|Any CPU.ActiveCfg = Debug|Any CPU
		{B653B9C2-75D3-4E02-B305-CE8E56D415C6}.Debug|Any CPU.Build.0 = Debug|Any CPU
		{B653B9C2-75D3-4E02-B305-CE8E56D415C6}.Release|Any CPU.ActiveCfg = Release|Any CPU
		{B653B9C2-75D3-4E02-B305-CE8E56D415C6}.Release|Any CPU.Build.0 = Release|Any CPU
		{7347D94F-ED58-4D56-8A04-DEA12030B936}.Debug|Any CPU.ActiveCfg = Debug|Any CPU
		{7347D94F-ED58-4D56-8A04-DEA12030B936}.Debug|Any CPU.Build.0 = Debug|Any CPU
		{7347D94F-ED58-4D56-8A04-DEA12030B936}.Release|Any CPU.ActiveCfg = Release|Any CPU
		{7347D94F-ED58-4D56-8A04-DEA12030B936}.Release|Any CPU.Build.0 = Release|Any CPU
		{88B053D6-AC11-4DB1-8817-16AEF16E56D7}.Debug|Any CPU.ActiveCfg = Debug|Any CPU
		{88B053D6-AC11-4DB1-8817-16AEF16E56D7}.Debug|Any CPU.Build.0 = Debug|Any CPU
		{88B053D6-AC11-4DB1-8817-16AEF16E56D7}.Release|Any CPU.ActiveCfg = Release|Any CPU
		{88B053D6-AC11-4DB1-8817-16AEF16E56D7}.Release|Any CPU.Build.0 = Release|Any CPU
		{7235D105-9860-45BC-951C-B4BD3A0E3AD1}.Debug|Any CPU.ActiveCfg = Debug|Any CPU
		{7235D105-9860-45BC-951C-B4BD3A0E3AD1}.Debug|Any CPU.Build.0 = Debug|Any CPU
		{7235D105-9860-45BC-951C-B4BD3A0E3AD1}.Release|Any CPU.ActiveCfg = Release|Any CPU
		{7235D105-9860-45BC-951C-B4BD3A0E3AD1}.Release|Any CPU.Build.0 = Release|Any CPU
		{820F2F46-E987-402F-8A60-2264BFA2E0D9}.Debug|Any CPU.ActiveCfg = Debug|Any CPU
		{820F2F46-E987-402F-8A60-2264BFA2E0D9}.Debug|Any CPU.Build.0 = Debug|Any CPU
		{820F2F46-E987-402F-8A60-2264BFA2E0D9}.Release|Any CPU.ActiveCfg = Release|Any CPU
		{820F2F46-E987-402F-8A60-2264BFA2E0D9}.Release|Any CPU.Build.0 = Release|Any CPU
		{562429FD-8E96-48AC-8598-0F6ACF623129}.Debug|Any CPU.ActiveCfg = Debug|Any CPU
		{562429FD-8E96-48AC-8598-0F6ACF623129}.Debug|Any CPU.Build.0 = Debug|Any CPU
		{562429FD-8E96-48AC-8598-0F6ACF623129}.Release|Any CPU.ActiveCfg = Release|Any CPU
		{562429FD-8E96-48AC-8598-0F6ACF623129}.Release|Any CPU.Build.0 = Release|Any CPU
		{80E0962D-1558-44CD-9B41-AFB00D6A0B8F}.Debug|Any CPU.ActiveCfg = Debug|Any CPU
		{80E0962D-1558-44CD-9B41-AFB00D6A0B8F}.Debug|Any CPU.Build.0 = Debug|Any CPU
		{80E0962D-1558-44CD-9B41-AFB00D6A0B8F}.Release|Any CPU.ActiveCfg = Release|Any CPU
		{80E0962D-1558-44CD-9B41-AFB00D6A0B8F}.Release|Any CPU.Build.0 = Release|Any CPU
		{7AF9327B-FADB-4495-BCDD-AE5AA8F896E1}.Debug|Any CPU.ActiveCfg = Debug|Any CPU
		{7AF9327B-FADB-4495-BCDD-AE5AA8F896E1}.Debug|Any CPU.Build.0 = Debug|Any CPU
		{7AF9327B-FADB-4495-BCDD-AE5AA8F896E1}.Release|Any CPU.ActiveCfg = Release|Any CPU
		{7AF9327B-FADB-4495-BCDD-AE5AA8F896E1}.Release|Any CPU.Build.0 = Release|Any CPU
		{FC61F168-377C-495F-A03A-0773B4068423}.Debug|Any CPU.ActiveCfg = Debug|Any CPU
		{FC61F168-377C-495F-A03A-0773B4068423}.Debug|Any CPU.Build.0 = Debug|Any CPU
		{FC61F168-377C-495F-A03A-0773B4068423}.Release|Any CPU.ActiveCfg = Release|Any CPU
		{FC61F168-377C-495F-A03A-0773B4068423}.Release|Any CPU.Build.0 = Release|Any CPU
		{FB1ED3B6-7EF0-4B31-BD51-A69173244711}.Debug|Any CPU.ActiveCfg = Debug|Any CPU
		{FB1ED3B6-7EF0-4B31-BD51-A69173244711}.Debug|Any CPU.Build.0 = Debug|Any CPU
		{FB1ED3B6-7EF0-4B31-BD51-A69173244711}.Release|Any CPU.ActiveCfg = Release|Any CPU
		{FB1ED3B6-7EF0-4B31-BD51-A69173244711}.Release|Any CPU.Build.0 = Release|Any CPU
		{9B673C74-365C-479B-A631-881C39E4B1AF}.Debug|Any CPU.ActiveCfg = Debug|Any CPU
		{9B673C74-365C-479B-A631-881C39E4B1AF}.Debug|Any CPU.Build.0 = Debug|Any CPU
		{9B673C74-365C-479B-A631-881C39E4B1AF}.Release|Any CPU.ActiveCfg = Release|Any CPU
		{9B673C74-365C-479B-A631-881C39E4B1AF}.Release|Any CPU.Build.0 = Release|Any CPU
		{B0171249-2123-4483-B525-7781FB2E6388}.Debug|Any CPU.ActiveCfg = Debug|Any CPU
		{B0171249-2123-4483-B525-7781FB2E6388}.Debug|Any CPU.Build.0 = Debug|Any CPU
		{B0171249-2123-4483-B525-7781FB2E6388}.Release|Any CPU.ActiveCfg = Release|Any CPU
		{B0171249-2123-4483-B525-7781FB2E6388}.Release|Any CPU.Build.0 = Release|Any CPU
		{864AC136-12B9-46EA-94BD-CCB85F9D43BA}.Debug|Any CPU.ActiveCfg = Debug|Any CPU
		{864AC136-12B9-46EA-94BD-CCB85F9D43BA}.Debug|Any CPU.Build.0 = Debug|Any CPU
		{864AC136-12B9-46EA-94BD-CCB85F9D43BA}.Release|Any CPU.ActiveCfg = Release|Any CPU
		{864AC136-12B9-46EA-94BD-CCB85F9D43BA}.Release|Any CPU.Build.0 = Release|Any CPU
		{12B58464-DCA7-46B2-A471-C138932109D8}.Debug|Any CPU.ActiveCfg = Debug|Any CPU
		{12B58464-DCA7-46B2-A471-C138932109D8}.Debug|Any CPU.Build.0 = Debug|Any CPU
		{12B58464-DCA7-46B2-A471-C138932109D8}.Release|Any CPU.ActiveCfg = Release|Any CPU
		{12B58464-DCA7-46B2-A471-C138932109D8}.Release|Any CPU.Build.0 = Release|Any CPU
		{4D6719B5-2902-4C21-A5C4-11266A039738}.Debug|Any CPU.ActiveCfg = Debug|Any CPU
		{4D6719B5-2902-4C21-A5C4-11266A039738}.Debug|Any CPU.Build.0 = Debug|Any CPU
		{4D6719B5-2902-4C21-A5C4-11266A039738}.Release|Any CPU.ActiveCfg = Release|Any CPU
		{4D6719B5-2902-4C21-A5C4-11266A039738}.Release|Any CPU.Build.0 = Release|Any CPU
		{05B3A675-E080-4ED7-9913-787B00EF7EC9}.Debug|Any CPU.ActiveCfg = Debug|Any CPU
		{05B3A675-E080-4ED7-9913-787B00EF7EC9}.Debug|Any CPU.Build.0 = Debug|Any CPU
		{05B3A675-E080-4ED7-9913-787B00EF7EC9}.Release|Any CPU.ActiveCfg = Release|Any CPU
		{05B3A675-E080-4ED7-9913-787B00EF7EC9}.Release|Any CPU.Build.0 = Release|Any CPU
		{6AB6A98E-1297-42FB-ACC5-C0702EEAFAAD}.Debug|Any CPU.ActiveCfg = Debug|Any CPU
		{6AB6A98E-1297-42FB-ACC5-C0702EEAFAAD}.Debug|Any CPU.Build.0 = Debug|Any CPU
		{6AB6A98E-1297-42FB-ACC5-C0702EEAFAAD}.Release|Any CPU.ActiveCfg = Release|Any CPU
		{6AB6A98E-1297-42FB-ACC5-C0702EEAFAAD}.Release|Any CPU.Build.0 = Release|Any CPU
	EndGlobalSection
	GlobalSection(SolutionProperties) = preSolution
		HideSolutionNode = FALSE
	EndGlobalSection
	GlobalSection(NestedProjects) = preSolution
		{CD4DB2BD-272E-43F2-8ABA-D269082AF3A4} = {299B3356-A14D-4F79-96D4-400DB0656D47}
		{48282F61-A64B-4A08-805E-CEF17091C435} = {299B3356-A14D-4F79-96D4-400DB0656D47}
		{27B2639A-ECB1-4364-8880-906BDFDA5DF0} = {CA795782-60B4-4351-AFD4-6A93795002D9}
		{1A05786B-0A7E-48A6-B817-6ED721DBA1F4} = {7267B3D9-EB3C-4DB6-902C-DCCE836042D6}
		{A4450F54-4C8C-444D-A8E7-06278A5B0B9B} = {F7771778-3EAC-42CE-A18E-F03F3A33A89F}
		{BF237293-3814-4EBE-875D-83C4744EB66A} = {F7771778-3EAC-42CE-A18E-F03F3A33A89F}
		{BAC34E19-D859-4BA8-BEC3-DA170F8AAE17} = {CA795782-60B4-4351-AFD4-6A93795002D9}
		{B653B9C2-75D3-4E02-B305-CE8E56D415C6} = {CA795782-60B4-4351-AFD4-6A93795002D9}
		{7347D94F-ED58-4D56-8A04-DEA12030B936} = {FB93E523-0535-43ED-89BD-196826025F72}
		{88B053D6-AC11-4DB1-8817-16AEF16E56D7} = {299B3356-A14D-4F79-96D4-400DB0656D47}
		{7235D105-9860-45BC-951C-B4BD3A0E3AD1} = {299B3356-A14D-4F79-96D4-400DB0656D47}
		{820F2F46-E987-402F-8A60-2264BFA2E0D9} = {7267B3D9-EB3C-4DB6-902C-DCCE836042D6}
		{562429FD-8E96-48AC-8598-0F6ACF623129} = {7267B3D9-EB3C-4DB6-902C-DCCE836042D6}
		{80E0962D-1558-44CD-9B41-AFB00D6A0B8F} = {299B3356-A14D-4F79-96D4-400DB0656D47}
		{7AF9327B-FADB-4495-BCDD-AE5AA8F896E1} = {299B3356-A14D-4F79-96D4-400DB0656D47}
		{FC61F168-377C-495F-A03A-0773B4068423} = {299B3356-A14D-4F79-96D4-400DB0656D47}
		{FB1ED3B6-7EF0-4B31-BD51-A69173244711} = {7267B3D9-EB3C-4DB6-902C-DCCE836042D6}
		{9B673C74-365C-479B-A631-881C39E4B1AF} = {7267B3D9-EB3C-4DB6-902C-DCCE836042D6}
		{B0171249-2123-4483-B525-7781FB2E6388} = {7267B3D9-EB3C-4DB6-902C-DCCE836042D6}
		{864AC136-12B9-46EA-94BD-CCB85F9D43BA} = {7267B3D9-EB3C-4DB6-902C-DCCE836042D6}
		{12B58464-DCA7-46B2-A471-C138932109D8} = {299B3356-A14D-4F79-96D4-400DB0656D47}
		{6AB6A98E-1297-42FB-ACC5-C0702EEAFAAD} = {7267B3D9-EB3C-4DB6-902C-DCCE836042D6}
	EndGlobalSection
	GlobalSection(ExtensibilityGlobals) = postSolution
		SolutionGuid = {BF120994-60DE-4F74-B89D-2710E31F33BC}
	EndGlobalSection
EndGlobal
